// !$*UTF8*$!
{
	archiveVersion = 1;
	classes = {
	};
	objectVersion = 50;
	objects = {

/* Begin PBXBuildFile section */
		DD2D2F3F257BD5F400F17211 /* DayFive.swift in Sources */ = {isa = PBXBuildFile; fileRef = DD2D2F3E257BD5F400F17211 /* DayFive.swift */; };
		DD2D2F49257BD8CA00F17211 /* DayFiveTests.swift in Sources */ = {isa = PBXBuildFile; fileRef = DD2D2F48257BD8CA00F17211 /* DayFiveTests.swift */; };
		DD2D2F51257BD94C00F17211 /* DayFive.txt in Resources */ = {isa = PBXBuildFile; fileRef = DD2D2F50257BD94C00F17211 /* DayFive.txt */; };
		DD2D2F58257BD97000F17211 /* DayFive.txt in Resources */ = {isa = PBXBuildFile; fileRef = DD2D2F50257BD94C00F17211 /* DayFive.txt */; };
		DD2D2F5D257CDC3700F17211 /* DaySix.swift in Sources */ = {isa = PBXBuildFile; fileRef = DD2D2F5C257CDC3700F17211 /* DaySix.swift */; };
		DD2D2F63257CDC5800F17211 /* DaySix.txt in Resources */ = {isa = PBXBuildFile; fileRef = DD2D2F62257CDC5800F17211 /* DaySix.txt */; };
		DD2D2F66257CDC5B00F17211 /* DaySix.txt in Resources */ = {isa = PBXBuildFile; fileRef = DD2D2F62257CDC5800F17211 /* DaySix.txt */; };
		DD2D2F6A257CDC6900F17211 /* DaySixTests.swift in Sources */ = {isa = PBXBuildFile; fileRef = DD2D2F69257CDC6900F17211 /* DaySixTests.swift */; };
		DD2D2F70257CF09900F17211 /* DaySix-sample.txt in Resources */ = {isa = PBXBuildFile; fileRef = DD2D2F6F257CF09900F17211 /* DaySix-sample.txt */; };
		DD2D2F73257CF0C800F17211 /* DaySix-sample.txt in Resources */ = {isa = PBXBuildFile; fileRef = DD2D2F6F257CF09900F17211 /* DaySix-sample.txt */; };
		DD2D2F78257E291300F17211 /* DaySeven.swift in Sources */ = {isa = PBXBuildFile; fileRef = DD2D2F77257E291300F17211 /* DaySeven.swift */; };
		DD2D2F7E257E292300F17211 /* DaySevenTests.swift in Sources */ = {isa = PBXBuildFile; fileRef = DD2D2F7D257E292200F17211 /* DaySevenTests.swift */; };
		DD2D2F86257E299600F17211 /* DaySeven-sample.txt in Resources */ = {isa = PBXBuildFile; fileRef = DD2D2F85257E299600F17211 /* DaySeven-sample.txt */; };
		DD2D2F89257E299900F17211 /* DaySeven-sample.txt in Resources */ = {isa = PBXBuildFile; fileRef = DD2D2F85257E299600F17211 /* DaySeven-sample.txt */; };
		DD2D2F8F257E3D2100F17211 /* DaySeven.txt in Resources */ = {isa = PBXBuildFile; fileRef = DD2D2F8E257E3D2100F17211 /* DaySeven.txt */; };
		DD2D2F92257E3D2D00F17211 /* DaySeven.txt in Resources */ = {isa = PBXBuildFile; fileRef = DD2D2F8E257E3D2100F17211 /* DaySeven.txt */; };
		DD467B8E25784C0F00DC9705 /* AdventOfCode2020.framework in Frameworks */ = {isa = PBXBuildFile; fileRef = DD467B8425784C0E00DC9705 /* AdventOfCode2020.framework */; };
		DD467B9325784C0F00DC9705 /* DayOneTests.swift in Sources */ = {isa = PBXBuildFile; fileRef = DD467B9225784C0F00DC9705 /* DayOneTests.swift */; };
		DD467B9525784C0F00DC9705 /* AdventOfCode2020.h in Headers */ = {isa = PBXBuildFile; fileRef = DD467B8725784C0F00DC9705 /* AdventOfCode2020.h */; settings = {ATTRIBUTES = (Public, ); }; };
		DD467BA125784C2200DC9705 /* DayOne.swift in Sources */ = {isa = PBXBuildFile; fileRef = DD467BA025784C2200DC9705 /* DayOne.swift */; };
		DD467BA825784CF500DC9705 /* DayOne.txt in Resources */ = {isa = PBXBuildFile; fileRef = DD467BA725784CF500DC9705 /* DayOne.txt */; };
		DD467BB225784EDE00DC9705 /* DayOne.txt in Resources */ = {isa = PBXBuildFile; fileRef = DD467BA725784CF500DC9705 /* DayOne.txt */; };
		DD467BBD257851D200DC9705 /* DayTwo.swift in Sources */ = {isa = PBXBuildFile; fileRef = DD467BBC257851D200DC9705 /* DayTwo.swift */; };
		DD467BC1257851F400DC9705 /* DayTwo.txt in Resources */ = {isa = PBXBuildFile; fileRef = DD467BC0257851F400DC9705 /* DayTwo.txt */; };
		DD467BC62578525B00DC9705 /* Extensions.swift in Sources */ = {isa = PBXBuildFile; fileRef = DD467BC52578525B00DC9705 /* Extensions.swift */; };
		DD467BCC257853DA00DC9705 /* DayTwoTests.swift in Sources */ = {isa = PBXBuildFile; fileRef = DD467BCB257853DA00DC9705 /* DayTwoTests.swift */; };
		DD467BD12578545900DC9705 /* DayTwo.txt in Resources */ = {isa = PBXBuildFile; fileRef = DD467BC0257851F400DC9705 /* DayTwo.txt */; };
		DD467BD62578E34000DC9705 /* DayThree.txt in Resources */ = {isa = PBXBuildFile; fileRef = DD467BD52578E34000DC9705 /* DayThree.txt */; };
		DD8E409D2578F8EF00CF6B1D /* DayThree.swift in Sources */ = {isa = PBXBuildFile; fileRef = DD8E409C2578F8EF00CF6B1D /* DayThree.swift */; };
		DD8E40A12578FAC100CF6B1D /* DayThreeTests.swift in Sources */ = {isa = PBXBuildFile; fileRef = DD8E40A02578FAC100CF6B1D /* DayThreeTests.swift */; };
		DD8E40A42578FAF600CF6B1D /* DayThree.txt in Resources */ = {isa = PBXBuildFile; fileRef = DD467BD52578E34000DC9705 /* DayThree.txt */; };
		DD8E4134257A310100CF6B1D /* DayFour.swift in Sources */ = {isa = PBXBuildFile; fileRef = DD8E4133257A310000CF6B1D /* DayFour.swift */; };
		DD8E413A257A31E600CF6B1D /* DayFour.txt in Resources */ = {isa = PBXBuildFile; fileRef = DD8E4139257A31E600CF6B1D /* DayFour.txt */; };
		DD8E413E257A320500CF6B1D /* DayFourTests.swift in Sources */ = {isa = PBXBuildFile; fileRef = DD8E413D257A320500CF6B1D /* DayFourTests.swift */; };
		DD8E4143257A33C200CF6B1D /* DayFour.txt in Resources */ = {isa = PBXBuildFile; fileRef = DD8E4139257A31E600CF6B1D /* DayFour.txt */; };
		DDE25B26257F77AC007231BA /* DayEight.swift in Sources */ = {isa = PBXBuildFile; fileRef = DDE25B25257F77AC007231BA /* DayEight.swift */; };
		DDE25B2C257F78A1007231BA /* DayEight-sample.txt in Resources */ = {isa = PBXBuildFile; fileRef = DDE25B2B257F78A1007231BA /* DayEight-sample.txt */; };
		DDE25B30257F78B7007231BA /* DayEightTests.swift in Sources */ = {isa = PBXBuildFile; fileRef = DDE25B2F257F78B7007231BA /* DayEightTests.swift */; };
		DDE25B35257F797B007231BA /* DayEight-sample.txt in Resources */ = {isa = PBXBuildFile; fileRef = DDE25B2B257F78A1007231BA /* DayEight-sample.txt */; };
		DDE25B39257F7A7E007231BA /* DayEight.txt in Resources */ = {isa = PBXBuildFile; fileRef = DDE25B38257F7A7E007231BA /* DayEight.txt */; };
		DDE25B3C257F7A87007231BA /* DayEight.txt in Resources */ = {isa = PBXBuildFile; fileRef = DDE25B38257F7A7E007231BA /* DayEight.txt */; };
		DDE71B832580C8FB008AE9BE /* DayNineTests.swift in Sources */ = {isa = PBXBuildFile; fileRef = DDE71B822580C8FB008AE9BE /* DayNineTests.swift */; };
		DDE71B8A2580C935008AE9BE /* DayNine.swift in Sources */ = {isa = PBXBuildFile; fileRef = DDE71B892580C935008AE9BE /* DayNine.swift */; };
		DDE71B902580C995008AE9BE /* DayNine-sample.txt in Resources */ = {isa = PBXBuildFile; fileRef = DDE71B8F2580C995008AE9BE /* DayNine-sample.txt */; };
		DDE71B952580CAEC008AE9BE /* DayNine-sample.txt in Resources */ = {isa = PBXBuildFile; fileRef = DDE71B8F2580C995008AE9BE /* DayNine-sample.txt */; };
		DDE71B992580CB3F008AE9BE /* DayNine.txt in Resources */ = {isa = PBXBuildFile; fileRef = DDE71B982580CB3F008AE9BE /* DayNine.txt */; };
		DDE71B9C2580CB49008AE9BE /* DayNine.txt in Resources */ = {isa = PBXBuildFile; fileRef = DDE71B982580CB3F008AE9BE /* DayNine.txt */; };
		DDE71BBD258222FC008AE9BE /* DayTen.swift in Sources */ = {isa = PBXBuildFile; fileRef = DDE71BBC258222FC008AE9BE /* DayTen.swift */; };
		DDE71BC3258223B9008AE9BE /* DayTenTests.swift in Sources */ = {isa = PBXBuildFile; fileRef = DDE71BC2258223B8008AE9BE /* DayTenTests.swift */; };
		DDE71BC925822400008AE9BE /* DayTen-sample.txt in Resources */ = {isa = PBXBuildFile; fileRef = DDE71BC8258223FF008AE9BE /* DayTen-sample.txt */; };
		DDE71BCC2582245C008AE9BE /* DayTen-sample.txt in Resources */ = {isa = PBXBuildFile; fileRef = DDE71BC8258223FF008AE9BE /* DayTen-sample.txt */; };
		DDE71BD0258224A4008AE9BE /* DayTen.txt in Resources */ = {isa = PBXBuildFile; fileRef = DDE71BCF258224A4008AE9BE /* DayTen.txt */; };
		DDE71BD3258224C5008AE9BE /* DayTen.txt in Resources */ = {isa = PBXBuildFile; fileRef = DDE71BCF258224A4008AE9BE /* DayTen.txt */; };
		DDE71C3125836EE5008AE9BE /* DayEleven.swift in Sources */ = {isa = PBXBuildFile; fileRef = DDE71C3025836EE5008AE9BE /* DayEleven.swift */; };
		DDE71C3725836F0B008AE9BE /* DayEleven-sample.txt in Resources */ = {isa = PBXBuildFile; fileRef = DDE71C3625836F0B008AE9BE /* DayEleven-sample.txt */; };
		DDE71C3825836F0B008AE9BE /* DayEleven-sample.txt in Resources */ = {isa = PBXBuildFile; fileRef = DDE71C3625836F0B008AE9BE /* DayEleven-sample.txt */; };
		DDE71C3D25837186008AE9BE /* DayElevenTests.swift in Sources */ = {isa = PBXBuildFile; fileRef = DDE71C3B25837186008AE9BE /* DayElevenTests.swift */; };
		DDE71C492583790A008AE9BE /* DayEleven.txt in Resources */ = {isa = PBXBuildFile; fileRef = DDE71C482583790A008AE9BE /* DayEleven.txt */; };
		DDE71C4C25837914008AE9BE /* DayEleven.txt in Resources */ = {isa = PBXBuildFile; fileRef = DDE71C482583790A008AE9BE /* DayEleven.txt */; };
		DDE71CE72584CE79008AE9BE /* DayTwelve.swift in Sources */ = {isa = PBXBuildFile; fileRef = DDE71CE62584CE79008AE9BE /* DayTwelve.swift */; };
		DDE71CEB2584D272008AE9BE /* DayTwelveTests.swift in Sources */ = {isa = PBXBuildFile; fileRef = DDE71CEA2584D271008AE9BE /* DayTwelveTests.swift */; };
		DDE71CEF2584D29F008AE9BE /* DayTwelve-sample.txt in Resources */ = {isa = PBXBuildFile; fileRef = DDE71CEE2584D29F008AE9BE /* DayTwelve-sample.txt */; };
		DDE71CF42584D2AE008AE9BE /* DayTwelve-sample.txt in Resources */ = {isa = PBXBuildFile; fileRef = DDE71CEE2584D29F008AE9BE /* DayTwelve-sample.txt */; };
		DDE71CF82584D64B008AE9BE /* DayTwelve.txt in Resources */ = {isa = PBXBuildFile; fileRef = DDE71CF72584D64B008AE9BE /* DayTwelve.txt */; };
		DDE71CFB2584D64F008AE9BE /* DayTwelve.txt in Resources */ = {isa = PBXBuildFile; fileRef = DDE71CF72584D64B008AE9BE /* DayTwelve.txt */; };
/* End PBXBuildFile section */

/* Begin PBXContainerItemProxy section */
		DD467B8F25784C0F00DC9705 /* PBXContainerItemProxy */ = {
			isa = PBXContainerItemProxy;
			containerPortal = DD467B7B25784C0E00DC9705 /* Project object */;
			proxyType = 1;
			remoteGlobalIDString = DD467B8325784C0E00DC9705;
			remoteInfo = AdventOfCode2020;
		};
/* End PBXContainerItemProxy section */

/* Begin PBXFileReference section */
		DD2D2F3E257BD5F400F17211 /* DayFive.swift */ = {isa = PBXFileReference; lastKnownFileType = sourcecode.swift; path = DayFive.swift; sourceTree = "<group>"; };
		DD2D2F48257BD8CA00F17211 /* DayFiveTests.swift */ = {isa = PBXFileReference; lastKnownFileType = sourcecode.swift; path = DayFiveTests.swift; sourceTree = "<group>"; };
		DD2D2F50257BD94C00F17211 /* DayFive.txt */ = {isa = PBXFileReference; lastKnownFileType = text; path = DayFive.txt; sourceTree = "<group>"; };
		DD2D2F5C257CDC3700F17211 /* DaySix.swift */ = {isa = PBXFileReference; lastKnownFileType = sourcecode.swift; path = DaySix.swift; sourceTree = "<group>"; };
		DD2D2F62257CDC5800F17211 /* DaySix.txt */ = {isa = PBXFileReference; lastKnownFileType = text; path = DaySix.txt; sourceTree = "<group>"; };
		DD2D2F69257CDC6900F17211 /* DaySixTests.swift */ = {isa = PBXFileReference; lastKnownFileType = sourcecode.swift; path = DaySixTests.swift; sourceTree = "<group>"; };
		DD2D2F6F257CF09900F17211 /* DaySix-sample.txt */ = {isa = PBXFileReference; lastKnownFileType = text; path = "DaySix-sample.txt"; sourceTree = "<group>"; };
		DD2D2F77257E291300F17211 /* DaySeven.swift */ = {isa = PBXFileReference; lastKnownFileType = sourcecode.swift; path = DaySeven.swift; sourceTree = "<group>"; };
		DD2D2F7D257E292200F17211 /* DaySevenTests.swift */ = {isa = PBXFileReference; lastKnownFileType = sourcecode.swift; path = DaySevenTests.swift; sourceTree = "<group>"; };
		DD2D2F85257E299600F17211 /* DaySeven-sample.txt */ = {isa = PBXFileReference; lastKnownFileType = text; path = "DaySeven-sample.txt"; sourceTree = "<group>"; };
		DD2D2F8E257E3D2100F17211 /* DaySeven.txt */ = {isa = PBXFileReference; lastKnownFileType = text; path = DaySeven.txt; sourceTree = "<group>"; };
		DD467B8425784C0E00DC9705 /* AdventOfCode2020.framework */ = {isa = PBXFileReference; explicitFileType = wrapper.framework; includeInIndex = 0; path = AdventOfCode2020.framework; sourceTree = BUILT_PRODUCTS_DIR; };
		DD467B8725784C0F00DC9705 /* AdventOfCode2020.h */ = {isa = PBXFileReference; lastKnownFileType = sourcecode.c.h; path = AdventOfCode2020.h; sourceTree = "<group>"; };
		DD467B8825784C0F00DC9705 /* Info.plist */ = {isa = PBXFileReference; lastKnownFileType = text.plist.xml; path = Info.plist; sourceTree = "<group>"; };
		DD467B8D25784C0F00DC9705 /* AdventOfCode2020Tests.xctest */ = {isa = PBXFileReference; explicitFileType = wrapper.cfbundle; includeInIndex = 0; path = AdventOfCode2020Tests.xctest; sourceTree = BUILT_PRODUCTS_DIR; };
		DD467B9225784C0F00DC9705 /* DayOneTests.swift */ = {isa = PBXFileReference; lastKnownFileType = sourcecode.swift; path = DayOneTests.swift; sourceTree = "<group>"; };
		DD467B9425784C0F00DC9705 /* Info.plist */ = {isa = PBXFileReference; lastKnownFileType = text.plist.xml; path = Info.plist; sourceTree = "<group>"; };
		DD467BA025784C2200DC9705 /* DayOne.swift */ = {isa = PBXFileReference; lastKnownFileType = sourcecode.swift; path = DayOne.swift; sourceTree = "<group>"; };
		DD467BA725784CF500DC9705 /* DayOne.txt */ = {isa = PBXFileReference; lastKnownFileType = text; path = DayOne.txt; sourceTree = "<group>"; };
		DD467BBC257851D200DC9705 /* DayTwo.swift */ = {isa = PBXFileReference; lastKnownFileType = sourcecode.swift; path = DayTwo.swift; sourceTree = "<group>"; };
		DD467BC0257851F400DC9705 /* DayTwo.txt */ = {isa = PBXFileReference; lastKnownFileType = text; path = DayTwo.txt; sourceTree = "<group>"; };
		DD467BC52578525B00DC9705 /* Extensions.swift */ = {isa = PBXFileReference; lastKnownFileType = sourcecode.swift; path = Extensions.swift; sourceTree = "<group>"; };
		DD467BCB257853DA00DC9705 /* DayTwoTests.swift */ = {isa = PBXFileReference; lastKnownFileType = sourcecode.swift; path = DayTwoTests.swift; sourceTree = "<group>"; };
		DD467BD52578E34000DC9705 /* DayThree.txt */ = {isa = PBXFileReference; lastKnownFileType = text; path = DayThree.txt; sourceTree = "<group>"; };
		DD8E409C2578F8EF00CF6B1D /* DayThree.swift */ = {isa = PBXFileReference; lastKnownFileType = sourcecode.swift; path = DayThree.swift; sourceTree = "<group>"; };
		DD8E40A02578FAC100CF6B1D /* DayThreeTests.swift */ = {isa = PBXFileReference; lastKnownFileType = sourcecode.swift; path = DayThreeTests.swift; sourceTree = "<group>"; };
		DD8E4133257A310000CF6B1D /* DayFour.swift */ = {isa = PBXFileReference; lastKnownFileType = sourcecode.swift; path = DayFour.swift; sourceTree = "<group>"; };
		DD8E4139257A31E600CF6B1D /* DayFour.txt */ = {isa = PBXFileReference; lastKnownFileType = text; path = DayFour.txt; sourceTree = "<group>"; };
		DD8E413D257A320500CF6B1D /* DayFourTests.swift */ = {isa = PBXFileReference; lastKnownFileType = sourcecode.swift; path = DayFourTests.swift; sourceTree = "<group>"; };
		DDE25B25257F77AC007231BA /* DayEight.swift */ = {isa = PBXFileReference; lastKnownFileType = sourcecode.swift; path = DayEight.swift; sourceTree = "<group>"; };
		DDE25B2B257F78A1007231BA /* DayEight-sample.txt */ = {isa = PBXFileReference; lastKnownFileType = text; path = "DayEight-sample.txt"; sourceTree = "<group>"; };
		DDE25B2F257F78B7007231BA /* DayEightTests.swift */ = {isa = PBXFileReference; lastKnownFileType = sourcecode.swift; path = DayEightTests.swift; sourceTree = "<group>"; };
		DDE25B38257F7A7E007231BA /* DayEight.txt */ = {isa = PBXFileReference; lastKnownFileType = text; path = DayEight.txt; sourceTree = "<group>"; };
		DDE71B822580C8FB008AE9BE /* DayNineTests.swift */ = {isa = PBXFileReference; lastKnownFileType = sourcecode.swift; path = DayNineTests.swift; sourceTree = "<group>"; };
		DDE71B892580C935008AE9BE /* DayNine.swift */ = {isa = PBXFileReference; lastKnownFileType = sourcecode.swift; path = DayNine.swift; sourceTree = "<group>"; };
		DDE71B8F2580C995008AE9BE /* DayNine-sample.txt */ = {isa = PBXFileReference; lastKnownFileType = text; path = "DayNine-sample.txt"; sourceTree = "<group>"; };
		DDE71B982580CB3F008AE9BE /* DayNine.txt */ = {isa = PBXFileReference; lastKnownFileType = text; path = DayNine.txt; sourceTree = "<group>"; };
		DDE71BBC258222FC008AE9BE /* DayTen.swift */ = {isa = PBXFileReference; lastKnownFileType = sourcecode.swift; path = DayTen.swift; sourceTree = "<group>"; };
		DDE71BC2258223B8008AE9BE /* DayTenTests.swift */ = {isa = PBXFileReference; lastKnownFileType = sourcecode.swift; path = DayTenTests.swift; sourceTree = "<group>"; };
		DDE71BC8258223FF008AE9BE /* DayTen-sample.txt */ = {isa = PBXFileReference; lastKnownFileType = text; path = "DayTen-sample.txt"; sourceTree = "<group>"; };
		DDE71BCF258224A4008AE9BE /* DayTen.txt */ = {isa = PBXFileReference; lastKnownFileType = text; path = DayTen.txt; sourceTree = "<group>"; };
		DDE71C3025836EE5008AE9BE /* DayEleven.swift */ = {isa = PBXFileReference; lastKnownFileType = sourcecode.swift; path = DayEleven.swift; sourceTree = "<group>"; };
		DDE71C3625836F0B008AE9BE /* DayEleven-sample.txt */ = {isa = PBXFileReference; lastKnownFileType = text; path = "DayEleven-sample.txt"; sourceTree = "<group>"; };
		DDE71C3B25837186008AE9BE /* DayElevenTests.swift */ = {isa = PBXFileReference; lastKnownFileType = sourcecode.swift; path = DayElevenTests.swift; sourceTree = "<group>"; };
		DDE71C482583790A008AE9BE /* DayEleven.txt */ = {isa = PBXFileReference; lastKnownFileType = text; path = DayEleven.txt; sourceTree = "<group>"; };
		DDE71CE62584CE79008AE9BE /* DayTwelve.swift */ = {isa = PBXFileReference; lastKnownFileType = sourcecode.swift; path = DayTwelve.swift; sourceTree = "<group>"; };
		DDE71CEA2584D271008AE9BE /* DayTwelveTests.swift */ = {isa = PBXFileReference; lastKnownFileType = sourcecode.swift; path = DayTwelveTests.swift; sourceTree = "<group>"; };
		DDE71CEE2584D29F008AE9BE /* DayTwelve-sample.txt */ = {isa = PBXFileReference; lastKnownFileType = text; path = "DayTwelve-sample.txt"; sourceTree = "<group>"; };
		DDE71CF72584D64B008AE9BE /* DayTwelve.txt */ = {isa = PBXFileReference; lastKnownFileType = text; path = DayTwelve.txt; sourceTree = "<group>"; };
/* End PBXFileReference section */

/* Begin PBXFrameworksBuildPhase section */
		DD467B8125784C0E00DC9705 /* Frameworks */ = {
			isa = PBXFrameworksBuildPhase;
			buildActionMask = 2147483647;
			files = (
			);
			runOnlyForDeploymentPostprocessing = 0;
		};
		DD467B8A25784C0F00DC9705 /* Frameworks */ = {
			isa = PBXFrameworksBuildPhase;
			buildActionMask = 2147483647;
			files = (
				DD467B8E25784C0F00DC9705 /* AdventOfCode2020.framework in Frameworks */,
			);
			runOnlyForDeploymentPostprocessing = 0;
		};
/* End PBXFrameworksBuildPhase section */

/* Begin PBXGroup section */
		DD2D2F3D257BD5E400F17211 /* Day Five */ = {
			isa = PBXGroup;
			children = (
				DD2D2F3E257BD5F400F17211 /* DayFive.swift */,
				DD2D2F50257BD94C00F17211 /* DayFive.txt */,
			);
			path = "Day Five";
			sourceTree = "<group>";
		};
		DD2D2F5B257CDC1D00F17211 /* Day Six */ = {
			isa = PBXGroup;
			children = (
				DD2D2F5C257CDC3700F17211 /* DaySix.swift */,
				DD2D2F62257CDC5800F17211 /* DaySix.txt */,
				DD2D2F6F257CF09900F17211 /* DaySix-sample.txt */,
			);
			path = "Day Six";
			sourceTree = "<group>";
		};
		DD2D2F76257E286900F17211 /* Day Seven */ = {
			isa = PBXGroup;
			children = (
				DD2D2F77257E291300F17211 /* DaySeven.swift */,
				DD2D2F85257E299600F17211 /* DaySeven-sample.txt */,
				DD2D2F8E257E3D2100F17211 /* DaySeven.txt */,
			);
			path = "Day Seven";
			sourceTree = "<group>";
		};
		DD467B7A25784C0E00DC9705 = {
			isa = PBXGroup;
			children = (
				DD467B8625784C0F00DC9705 /* AdventOfCode2020 */,
				DD467B9125784C0F00DC9705 /* AdventOfCode2020Tests */,
				DD467B8525784C0E00DC9705 /* Products */,
			);
			sourceTree = "<group>";
		};
		DD467B8525784C0E00DC9705 /* Products */ = {
			isa = PBXGroup;
			children = (
				DD467B8425784C0E00DC9705 /* AdventOfCode2020.framework */,
				DD467B8D25784C0F00DC9705 /* AdventOfCode2020Tests.xctest */,
			);
			name = Products;
			sourceTree = "<group>";
		};
		DD467B8625784C0F00DC9705 /* AdventOfCode2020 */ = {
			isa = PBXGroup;
			children = (
				DDE71CE52584CE62008AE9BE /* Day Twelve */,
				DDE71C2F25836EA2008AE9BE /* Day Eleven */,
				DDE71BBB258222F0008AE9BE /* Day Ten */,
				DD467BC42578524E00DC9705 /* Util */,
				DD467BA625784CC200DC9705 /* Day One */,
				DD467BB72578515500DC9705 /* Day Two */,
				DD467BD42578E31E00DC9705 /* Day Three */,
				DD8E4132257A30ED00CF6B1D /* Day Four */,
				DD2D2F3D257BD5E400F17211 /* Day Five */,
				DD2D2F5B257CDC1D00F17211 /* Day Six */,
				DD2D2F76257E286900F17211 /* Day Seven */,
				DDE25B24257F7790007231BA /* Day Eight */,
				DDE71B882580C92A008AE9BE /* Day Nine */,
				DD467B8725784C0F00DC9705 /* AdventOfCode2020.h */,
				DD467B8825784C0F00DC9705 /* Info.plist */,
			);
			path = AdventOfCode2020;
			sourceTree = "<group>";
		};
		DD467B9125784C0F00DC9705 /* AdventOfCode2020Tests */ = {
			isa = PBXGroup;
			children = (
				DD467B9225784C0F00DC9705 /* DayOneTests.swift */,
				DD467BCB257853DA00DC9705 /* DayTwoTests.swift */,
				DD8E40A02578FAC100CF6B1D /* DayThreeTests.swift */,
				DD8E413D257A320500CF6B1D /* DayFourTests.swift */,
				DD2D2F48257BD8CA00F17211 /* DayFiveTests.swift */,
				DD2D2F69257CDC6900F17211 /* DaySixTests.swift */,
				DD2D2F7D257E292200F17211 /* DaySevenTests.swift */,
				DDE25B2F257F78B7007231BA /* DayEightTests.swift */,
				DDE71B822580C8FB008AE9BE /* DayNineTests.swift */,
				DDE71BC2258223B8008AE9BE /* DayTenTests.swift */,
				DDE71C3B25837186008AE9BE /* DayElevenTests.swift */,
				DDE71CEA2584D271008AE9BE /* DayTwelveTests.swift */,
				DD467B9425784C0F00DC9705 /* Info.plist */,
			);
			path = AdventOfCode2020Tests;
			sourceTree = "<group>";
		};
		DD467BA625784CC200DC9705 /* Day One */ = {
			isa = PBXGroup;
			children = (
				DD467BA025784C2200DC9705 /* DayOne.swift */,
				DD467BA725784CF500DC9705 /* DayOne.txt */,
			);
			path = "Day One";
			sourceTree = "<group>";
		};
		DD467BB72578515500DC9705 /* Day Two */ = {
			isa = PBXGroup;
			children = (
				DD467BBC257851D200DC9705 /* DayTwo.swift */,
				DD467BC0257851F400DC9705 /* DayTwo.txt */,
			);
			path = "Day Two";
			sourceTree = "<group>";
		};
		DD467BC42578524E00DC9705 /* Util */ = {
			isa = PBXGroup;
			children = (
				DD467BC52578525B00DC9705 /* Extensions.swift */,
			);
			path = Util;
			sourceTree = "<group>";
		};
		DD467BD42578E31E00DC9705 /* Day Three */ = {
			isa = PBXGroup;
			children = (
				DD8E409C2578F8EF00CF6B1D /* DayThree.swift */,
				DD467BD52578E34000DC9705 /* DayThree.txt */,
			);
			path = "Day Three";
			sourceTree = "<group>";
		};
		DD8E4132257A30ED00CF6B1D /* Day Four */ = {
			isa = PBXGroup;
			children = (
				DD8E4133257A310000CF6B1D /* DayFour.swift */,
				DD8E4139257A31E600CF6B1D /* DayFour.txt */,
			);
			path = "Day Four";
			sourceTree = "<group>";
		};
		DDE25B24257F7790007231BA /* Day Eight */ = {
			isa = PBXGroup;
			children = (
				DDE25B25257F77AC007231BA /* DayEight.swift */,
				DDE25B2B257F78A1007231BA /* DayEight-sample.txt */,
				DDE25B38257F7A7E007231BA /* DayEight.txt */,
			);
			path = "Day Eight";
			sourceTree = "<group>";
		};
		DDE71B882580C92A008AE9BE /* Day Nine */ = {
			isa = PBXGroup;
			children = (
				DDE71B892580C935008AE9BE /* DayNine.swift */,
				DDE71B8F2580C995008AE9BE /* DayNine-sample.txt */,
				DDE71B982580CB3F008AE9BE /* DayNine.txt */,
			);
			path = "Day Nine";
			sourceTree = "<group>";
		};
		DDE71BBB258222F0008AE9BE /* Day Ten */ = {
			isa = PBXGroup;
			children = (
				DDE71BBC258222FC008AE9BE /* DayTen.swift */,
				DDE71BC8258223FF008AE9BE /* DayTen-sample.txt */,
				DDE71BCF258224A4008AE9BE /* DayTen.txt */,
			);
			path = "Day Ten";
			sourceTree = "<group>";
		};
		DDE71C2F25836EA2008AE9BE /* Day Eleven */ = {
			isa = PBXGroup;
			children = (
				DDE71C3025836EE5008AE9BE /* DayEleven.swift */,
				DDE71C3625836F0B008AE9BE /* DayEleven-sample.txt */,
				DDE71C482583790A008AE9BE /* DayEleven.txt */,
			);
			path = "Day Eleven";
			sourceTree = "<group>";
		};
		DDE71CE52584CE62008AE9BE /* Day Twelve */ = {
			isa = PBXGroup;
			children = (
				DDE71CE62584CE79008AE9BE /* DayTwelve.swift */,
				DDE71CEE2584D29F008AE9BE /* DayTwelve-sample.txt */,
				DDE71CF72584D64B008AE9BE /* DayTwelve.txt */,
			);
			path = "Day Twelve";
			sourceTree = "<group>";
		};
/* End PBXGroup section */

/* Begin PBXHeadersBuildPhase section */
		DD467B7F25784C0E00DC9705 /* Headers */ = {
			isa = PBXHeadersBuildPhase;
			buildActionMask = 2147483647;
			files = (
				DD467B9525784C0F00DC9705 /* AdventOfCode2020.h in Headers */,
			);
			runOnlyForDeploymentPostprocessing = 0;
		};
/* End PBXHeadersBuildPhase section */

/* Begin PBXNativeTarget section */
		DD467B8325784C0E00DC9705 /* AdventOfCode2020 */ = {
			isa = PBXNativeTarget;
			buildConfigurationList = DD467B9825784C0F00DC9705 /* Build configuration list for PBXNativeTarget "AdventOfCode2020" */;
			buildPhases = (
				DD467B7F25784C0E00DC9705 /* Headers */,
				DD467B8025784C0E00DC9705 /* Sources */,
				DD467B8125784C0E00DC9705 /* Frameworks */,
				DD467B8225784C0E00DC9705 /* Resources */,
			);
			buildRules = (
			);
			dependencies = (
			);
			name = AdventOfCode2020;
			productName = AdventOfCode2020;
			productReference = DD467B8425784C0E00DC9705 /* AdventOfCode2020.framework */;
			productType = "com.apple.product-type.framework";
		};
		DD467B8C25784C0F00DC9705 /* AdventOfCode2020Tests */ = {
			isa = PBXNativeTarget;
			buildConfigurationList = DD467B9B25784C0F00DC9705 /* Build configuration list for PBXNativeTarget "AdventOfCode2020Tests" */;
			buildPhases = (
				DD467B8925784C0F00DC9705 /* Sources */,
				DD467B8A25784C0F00DC9705 /* Frameworks */,
				DD467B8B25784C0F00DC9705 /* Resources */,
			);
			buildRules = (
			);
			dependencies = (
				DD467B9025784C0F00DC9705 /* PBXTargetDependency */,
			);
			name = AdventOfCode2020Tests;
			productName = AdventOfCode2020Tests;
			productReference = DD467B8D25784C0F00DC9705 /* AdventOfCode2020Tests.xctest */;
			productType = "com.apple.product-type.bundle.unit-test";
		};
/* End PBXNativeTarget section */

/* Begin PBXProject section */
		DD467B7B25784C0E00DC9705 /* Project object */ = {
			isa = PBXProject;
			attributes = {
				LastSwiftUpdateCheck = 1210;
				LastUpgradeCheck = 1220;
				TargetAttributes = {
					DD467B8325784C0E00DC9705 = {
						CreatedOnToolsVersion = 12.1;
						LastSwiftMigration = 1210;
					};
					DD467B8C25784C0F00DC9705 = {
						CreatedOnToolsVersion = 12.1;
					};
				};
			};
			buildConfigurationList = DD467B7E25784C0E00DC9705 /* Build configuration list for PBXProject "AdventOfCode2020" */;
			compatibilityVersion = "Xcode 9.3";
			developmentRegion = en;
			hasScannedForEncodings = 0;
			knownRegions = (
				en,
				Base,
			);
			mainGroup = DD467B7A25784C0E00DC9705;
			productRefGroup = DD467B8525784C0E00DC9705 /* Products */;
			projectDirPath = "";
			projectRoot = "";
			targets = (
				DD467B8325784C0E00DC9705 /* AdventOfCode2020 */,
				DD467B8C25784C0F00DC9705 /* AdventOfCode2020Tests */,
			);
		};
/* End PBXProject section */

/* Begin PBXResourcesBuildPhase section */
		DD467B8225784C0E00DC9705 /* Resources */ = {
			isa = PBXResourcesBuildPhase;
			buildActionMask = 2147483647;
			files = (
				DD467BC1257851F400DC9705 /* DayTwo.txt in Resources */,
				DDE71BD0258224A4008AE9BE /* DayTen.txt in Resources */,
				DD467BA825784CF500DC9705 /* DayOne.txt in Resources */,
				DD467BD62578E34000DC9705 /* DayThree.txt in Resources */,
				DDE25B2C257F78A1007231BA /* DayEight-sample.txt in Resources */,
				DDE71C492583790A008AE9BE /* DayEleven.txt in Resources */,
				DDE71CEF2584D29F008AE9BE /* DayTwelve-sample.txt in Resources */,
				DD2D2F70257CF09900F17211 /* DaySix-sample.txt in Resources */,
				DDE71BC925822400008AE9BE /* DayTen-sample.txt in Resources */,
				DDE71B902580C995008AE9BE /* DayNine-sample.txt in Resources */,
				DD8E413A257A31E600CF6B1D /* DayFour.txt in Resources */,
				DDE71CF82584D64B008AE9BE /* DayTwelve.txt in Resources */,
				DDE71B992580CB3F008AE9BE /* DayNine.txt in Resources */,
				DDE25B39257F7A7E007231BA /* DayEight.txt in Resources */,
				DD2D2F63257CDC5800F17211 /* DaySix.txt in Resources */,
				DD2D2F8F257E3D2100F17211 /* DaySeven.txt in Resources */,
				DD2D2F51257BD94C00F17211 /* DayFive.txt in Resources */,
				DDE71C3725836F0B008AE9BE /* DayEleven-sample.txt in Resources */,
				DD2D2F86257E299600F17211 /* DaySeven-sample.txt in Resources */,
			);
			runOnlyForDeploymentPostprocessing = 0;
		};
		DD467B8B25784C0F00DC9705 /* Resources */ = {
			isa = PBXResourcesBuildPhase;
			buildActionMask = 2147483647;
			files = (
				DD467BD12578545900DC9705 /* DayTwo.txt in Resources */,
				DDE71BD3258224C5008AE9BE /* DayTen.txt in Resources */,
				DD2D2F58257BD97000F17211 /* DayFive.txt in Resources */,
				DD467BB225784EDE00DC9705 /* DayOne.txt in Resources */,
				DDE71B952580CAEC008AE9BE /* DayNine-sample.txt in Resources */,
				DDE71C4C25837914008AE9BE /* DayEleven.txt in Resources */,
				DDE71CF42584D2AE008AE9BE /* DayTwelve-sample.txt in Resources */,
				DDE25B35257F797B007231BA /* DayEight-sample.txt in Resources */,
				DDE71BCC2582245C008AE9BE /* DayTen-sample.txt in Resources */,
				DD2D2F73257CF0C800F17211 /* DaySix-sample.txt in Resources */,
				DD8E40A42578FAF600CF6B1D /* DayThree.txt in Resources */,
				DDE71CFB2584D64F008AE9BE /* DayTwelve.txt in Resources */,
				DDE71B9C2580CB49008AE9BE /* DayNine.txt in Resources */,
				DDE25B3C257F7A87007231BA /* DayEight.txt in Resources */,
				DD2D2F66257CDC5B00F17211 /* DaySix.txt in Resources */,
				DD2D2F92257E3D2D00F17211 /* DaySeven.txt in Resources */,
				DD8E4143257A33C200CF6B1D /* DayFour.txt in Resources */,
				DDE71C3825836F0B008AE9BE /* DayEleven-sample.txt in Resources */,
				DD2D2F89257E299900F17211 /* DaySeven-sample.txt in Resources */,
			);
			runOnlyForDeploymentPostprocessing = 0;
		};
/* End PBXResourcesBuildPhase section */

/* Begin PBXSourcesBuildPhase section */
		DD467B8025784C0E00DC9705 /* Sources */ = {
			isa = PBXSourcesBuildPhase;
			buildActionMask = 2147483647;
			files = (
				DD2D2F78257E291300F17211 /* DaySeven.swift in Sources */,
				DD8E4134257A310100CF6B1D /* DayFour.swift in Sources */,
				DDE71B8A2580C935008AE9BE /* DayNine.swift in Sources */,
				DD2D2F5D257CDC3700F17211 /* DaySix.swift in Sources */,
				DDE71CE72584CE79008AE9BE /* DayTwelve.swift in Sources */,
				DD467BA125784C2200DC9705 /* DayOne.swift in Sources */,
				DD467BC62578525B00DC9705 /* Extensions.swift in Sources */,
				DD467BBD257851D200DC9705 /* DayTwo.swift in Sources */,
				DDE71C3125836EE5008AE9BE /* DayEleven.swift in Sources */,
				DDE25B26257F77AC007231BA /* DayEight.swift in Sources */,
				DD2D2F3F257BD5F400F17211 /* DayFive.swift in Sources */,
				DDE71BBD258222FC008AE9BE /* DayTen.swift in Sources */,
				DD8E409D2578F8EF00CF6B1D /* DayThree.swift in Sources */,
			);
			runOnlyForDeploymentPostprocessing = 0;
		};
		DD467B8925784C0F00DC9705 /* Sources */ = {
			isa = PBXSourcesBuildPhase;
			buildActionMask = 2147483647;
			files = (
				DDE25B30257F78B7007231BA /* DayEightTests.swift in Sources */,
				DD2D2F7E257E292300F17211 /* DaySevenTests.swift in Sources */,
				DDE71CEB2584D272008AE9BE /* DayTwelveTests.swift in Sources */,
				DD467B9325784C0F00DC9705 /* DayOneTests.swift in Sources */,
				DD2D2F49257BD8CA00F17211 /* DayFiveTests.swift in Sources */,
				DD467BCC257853DA00DC9705 /* DayTwoTests.swift in Sources */,
				DD2D2F6A257CDC6900F17211 /* DaySixTests.swift in Sources */,
				DDE71BC3258223B9008AE9BE /* DayTenTests.swift in Sources */,
				DD8E413E257A320500CF6B1D /* DayFourTests.swift in Sources */,
				DDE71C3D25837186008AE9BE /* DayElevenTests.swift in Sources */,
				DDE71B832580C8FB008AE9BE /* DayNineTests.swift in Sources */,
				DD8E40A12578FAC100CF6B1D /* DayThreeTests.swift in Sources */,
			);
			runOnlyForDeploymentPostprocessing = 0;
		};
/* End PBXSourcesBuildPhase section */

/* Begin PBXTargetDependency section */
		DD467B9025784C0F00DC9705 /* PBXTargetDependency */ = {
			isa = PBXTargetDependency;
			target = DD467B8325784C0E00DC9705 /* AdventOfCode2020 */;
			targetProxy = DD467B8F25784C0F00DC9705 /* PBXContainerItemProxy */;
		};
/* End PBXTargetDependency section */

/* Begin XCBuildConfiguration section */
		DD467B9625784C0F00DC9705 /* Debug */ = {
			isa = XCBuildConfiguration;
			buildSettings = {
				ALWAYS_SEARCH_USER_PATHS = NO;
				CLANG_ANALYZER_NONNULL = YES;
				CLANG_ANALYZER_NUMBER_OBJECT_CONVERSION = YES_AGGRESSIVE;
				CLANG_CXX_LANGUAGE_STANDARD = "gnu++14";
				CLANG_CXX_LIBRARY = "libc++";
				CLANG_ENABLE_MODULES = YES;
				CLANG_ENABLE_OBJC_ARC = YES;
				CLANG_ENABLE_OBJC_WEAK = YES;
				CLANG_WARN_BLOCK_CAPTURE_AUTORELEASING = YES;
				CLANG_WARN_BOOL_CONVERSION = YES;
				CLANG_WARN_COMMA = YES;
				CLANG_WARN_CONSTANT_CONVERSION = YES;
				CLANG_WARN_DEPRECATED_OBJC_IMPLEMENTATIONS = YES;
				CLANG_WARN_DIRECT_OBJC_ISA_USAGE = YES_ERROR;
				CLANG_WARN_DOCUMENTATION_COMMENTS = YES;
				CLANG_WARN_EMPTY_BODY = YES;
				CLANG_WARN_ENUM_CONVERSION = YES;
				CLANG_WARN_INFINITE_RECURSION = YES;
				CLANG_WARN_INT_CONVERSION = YES;
				CLANG_WARN_NON_LITERAL_NULL_CONVERSION = YES;
				CLANG_WARN_OBJC_IMPLICIT_RETAIN_SELF = YES;
				CLANG_WARN_OBJC_LITERAL_CONVERSION = YES;
				CLANG_WARN_OBJC_ROOT_CLASS = YES_ERROR;
				CLANG_WARN_QUOTED_INCLUDE_IN_FRAMEWORK_HEADER = YES;
				CLANG_WARN_RANGE_LOOP_ANALYSIS = YES;
				CLANG_WARN_STRICT_PROTOTYPES = YES;
				CLANG_WARN_SUSPICIOUS_MOVE = YES;
				CLANG_WARN_UNGUARDED_AVAILABILITY = YES_AGGRESSIVE;
				CLANG_WARN_UNREACHABLE_CODE = YES;
				CLANG_WARN__DUPLICATE_METHOD_MATCH = YES;
				COPY_PHASE_STRIP = NO;
				CURRENT_PROJECT_VERSION = 1;
				DEBUG_INFORMATION_FORMAT = dwarf;
				ENABLE_STRICT_OBJC_MSGSEND = YES;
				ENABLE_TESTABILITY = YES;
				GCC_C_LANGUAGE_STANDARD = gnu11;
				GCC_DYNAMIC_NO_PIC = NO;
				GCC_NO_COMMON_BLOCKS = YES;
				GCC_OPTIMIZATION_LEVEL = 0;
				GCC_PREPROCESSOR_DEFINITIONS = (
					"DEBUG=1",
					"$(inherited)",
				);
				GCC_WARN_64_TO_32_BIT_CONVERSION = YES;
				GCC_WARN_ABOUT_RETURN_TYPE = YES_ERROR;
				GCC_WARN_UNDECLARED_SELECTOR = YES;
				GCC_WARN_UNINITIALIZED_AUTOS = YES_AGGRESSIVE;
				GCC_WARN_UNUSED_FUNCTION = YES;
				GCC_WARN_UNUSED_VARIABLE = YES;
				MACOSX_DEPLOYMENT_TARGET = 10.15;
				MTL_ENABLE_DEBUG_INFO = INCLUDE_SOURCE;
				MTL_FAST_MATH = YES;
				ONLY_ACTIVE_ARCH = YES;
				SDKROOT = macosx;
				SWIFT_ACTIVE_COMPILATION_CONDITIONS = DEBUG;
				SWIFT_OPTIMIZATION_LEVEL = "-Onone";
				VERSIONING_SYSTEM = "apple-generic";
				VERSION_INFO_PREFIX = "";
			};
			name = Debug;
		};
		DD467B9725784C0F00DC9705 /* Release */ = {
			isa = XCBuildConfiguration;
			buildSettings = {
				ALWAYS_SEARCH_USER_PATHS = NO;
				CLANG_ANALYZER_NONNULL = YES;
				CLANG_ANALYZER_NUMBER_OBJECT_CONVERSION = YES_AGGRESSIVE;
				CLANG_CXX_LANGUAGE_STANDARD = "gnu++14";
				CLANG_CXX_LIBRARY = "libc++";
				CLANG_ENABLE_MODULES = YES;
				CLANG_ENABLE_OBJC_ARC = YES;
				CLANG_ENABLE_OBJC_WEAK = YES;
				CLANG_WARN_BLOCK_CAPTURE_AUTORELEASING = YES;
				CLANG_WARN_BOOL_CONVERSION = YES;
				CLANG_WARN_COMMA = YES;
				CLANG_WARN_CONSTANT_CONVERSION = YES;
				CLANG_WARN_DEPRECATED_OBJC_IMPLEMENTATIONS = YES;
				CLANG_WARN_DIRECT_OBJC_ISA_USAGE = YES_ERROR;
				CLANG_WARN_DOCUMENTATION_COMMENTS = YES;
				CLANG_WARN_EMPTY_BODY = YES;
				CLANG_WARN_ENUM_CONVERSION = YES;
				CLANG_WARN_INFINITE_RECURSION = YES;
				CLANG_WARN_INT_CONVERSION = YES;
				CLANG_WARN_NON_LITERAL_NULL_CONVERSION = YES;
				CLANG_WARN_OBJC_IMPLICIT_RETAIN_SELF = YES;
				CLANG_WARN_OBJC_LITERAL_CONVERSION = YES;
				CLANG_WARN_OBJC_ROOT_CLASS = YES_ERROR;
				CLANG_WARN_QUOTED_INCLUDE_IN_FRAMEWORK_HEADER = YES;
				CLANG_WARN_RANGE_LOOP_ANALYSIS = YES;
				CLANG_WARN_STRICT_PROTOTYPES = YES;
				CLANG_WARN_SUSPICIOUS_MOVE = YES;
				CLANG_WARN_UNGUARDED_AVAILABILITY = YES_AGGRESSIVE;
				CLANG_WARN_UNREACHABLE_CODE = YES;
				CLANG_WARN__DUPLICATE_METHOD_MATCH = YES;
				COPY_PHASE_STRIP = NO;
				CURRENT_PROJECT_VERSION = 1;
				DEBUG_INFORMATION_FORMAT = "dwarf-with-dsym";
				ENABLE_NS_ASSERTIONS = NO;
				ENABLE_STRICT_OBJC_MSGSEND = YES;
				GCC_C_LANGUAGE_STANDARD = gnu11;
				GCC_NO_COMMON_BLOCKS = YES;
				GCC_OPTIMIZATION_LEVEL = fast;
				GCC_WARN_64_TO_32_BIT_CONVERSION = YES;
				GCC_WARN_ABOUT_RETURN_TYPE = YES_ERROR;
				GCC_WARN_UNDECLARED_SELECTOR = YES;
				GCC_WARN_UNINITIALIZED_AUTOS = YES_AGGRESSIVE;
				GCC_WARN_UNUSED_FUNCTION = YES;
				GCC_WARN_UNUSED_VARIABLE = YES;
				MACOSX_DEPLOYMENT_TARGET = 10.15;
				MTL_ENABLE_DEBUG_INFO = NO;
				MTL_FAST_MATH = YES;
				SDKROOT = macosx;
				SWIFT_OPTIMIZATION_LEVEL = "-O";
				VERSIONING_SYSTEM = "apple-generic";
				VERSION_INFO_PREFIX = "";
			};
			name = Release;
		};
		DD467B9925784C0F00DC9705 /* Debug */ = {
			isa = XCBuildConfiguration;
			buildSettings = {
				CLANG_ENABLE_MODULES = YES;
				CODE_SIGN_STYLE = Automatic;
				COMBINE_HIDPI_IMAGES = YES;
				DEFINES_MODULE = YES;
				DYLIB_COMPATIBILITY_VERSION = 1;
				DYLIB_CURRENT_VERSION = 1;
				DYLIB_INSTALL_NAME_BASE = "@rpath";
				INFOPLIST_FILE = AdventOfCode2020/Info.plist;
				INSTALL_PATH = "$(LOCAL_LIBRARY_DIR)/Frameworks";
				LD_RUNPATH_SEARCH_PATHS = (
					"$(inherited)",
					"@executable_path/../Frameworks",
					"@loader_path/Frameworks",
				);
				PRODUCT_BUNDLE_IDENTIFIER = dev.searle.tim.advent.AdventOfCode2020;
				PRODUCT_NAME = "$(TARGET_NAME:c99extidentifier)";
				SKIP_INSTALL = YES;
				SWIFT_OPTIMIZATION_LEVEL = "-Onone";
				SWIFT_VERSION = 5.0;
			};
			name = Debug;
		};
		DD467B9A25784C0F00DC9705 /* Release */ = {
			isa = XCBuildConfiguration;
			buildSettings = {
				CLANG_ENABLE_MODULES = YES;
				CODE_SIGN_STYLE = Automatic;
				COMBINE_HIDPI_IMAGES = YES;
				DEFINES_MODULE = YES;
				DYLIB_COMPATIBILITY_VERSION = 1;
				DYLIB_CURRENT_VERSION = 1;
				DYLIB_INSTALL_NAME_BASE = "@rpath";
				INFOPLIST_FILE = AdventOfCode2020/Info.plist;
				INSTALL_PATH = "$(LOCAL_LIBRARY_DIR)/Frameworks";
				LD_RUNPATH_SEARCH_PATHS = (
					"$(inherited)",
					"@executable_path/../Frameworks",
					"@loader_path/Frameworks",
				);
				PRODUCT_BUNDLE_IDENTIFIER = dev.searle.tim.advent.AdventOfCode2020;
				PRODUCT_NAME = "$(TARGET_NAME:c99extidentifier)";
				SKIP_INSTALL = YES;
				SWIFT_OPTIMIZATION_LEVEL = "-O";
				SWIFT_VERSION = 5.0;
			};
			name = Release;
		};
		DD467B9C25784C0F00DC9705 /* Debug */ = {
			isa = XCBuildConfiguration;
			buildSettings = {
				ALWAYS_EMBED_SWIFT_STANDARD_LIBRARIES = YES;
				CODE_SIGN_STYLE = Automatic;
				COMBINE_HIDPI_IMAGES = YES;
				INFOPLIST_FILE = AdventOfCode2020Tests/Info.plist;
				LD_RUNPATH_SEARCH_PATHS = (
					"$(inherited)",
					"@executable_path/../Frameworks",
					"@loader_path/../Frameworks",
				);
				PRODUCT_BUNDLE_IDENTIFIER = dev.searle.tim.advent.AdventOfCode2020Tests;
				PRODUCT_NAME = "$(TARGET_NAME)";
				SWIFT_VERSION = 5.0;
			};
			name = Debug;
		};
		DD467B9D25784C0F00DC9705 /* Release */ = {
			isa = XCBuildConfiguration;
			buildSettings = {
				ALWAYS_EMBED_SWIFT_STANDARD_LIBRARIES = YES;
				CODE_SIGN_STYLE = Automatic;
				COMBINE_HIDPI_IMAGES = YES;
				INFOPLIST_FILE = AdventOfCode2020Tests/Info.plist;
				LD_RUNPATH_SEARCH_PATHS = (
					"$(inherited)",
					"@executable_path/../Frameworks",
					"@loader_path/../Frameworks",
				);
				PRODUCT_BUNDLE_IDENTIFIER = dev.searle.tim.advent.AdventOfCode2020Tests;
				PRODUCT_NAME = "$(TARGET_NAME)";
				SWIFT_VERSION = 5.0;
			};
			name = Release;
		};
/* End XCBuildConfiguration section */

/* Begin XCConfigurationList section */
		DD467B7E25784C0E00DC9705 /* Build configuration list for PBXProject "AdventOfCode2020" */ = {
			isa = XCConfigurationList;
			buildConfigurations = (
				DD467B9625784C0F00DC9705 /* Debug */,
				DD467B9725784C0F00DC9705 /* Release */,
			);
			defaultConfigurationIsVisible = 0;
			defaultConfigurationName = Release;
		};
		DD467B9825784C0F00DC9705 /* Build configuration list for PBXNativeTarget "AdventOfCode2020" */ = {
			isa = XCConfigurationList;
			buildConfigurations = (
				DD467B9925784C0F00DC9705 /* Debug */,
				DD467B9A25784C0F00DC9705 /* Release */,
			);
			defaultConfigurationIsVisible = 0;
			defaultConfigurationName = Release;
		};
		DD467B9B25784C0F00DC9705 /* Build configuration list for PBXNativeTarget "AdventOfCode2020Tests" */ = {
			isa = XCConfigurationList;
			buildConfigurations = (
				DD467B9C25784C0F00DC9705 /* Debug */,
				DD467B9D25784C0F00DC9705 /* Release */,
			);
			defaultConfigurationIsVisible = 0;
			defaultConfigurationName = Release;
		};
/* End XCConfigurationList section */
	};
	rootObject = DD467B7B25784C0E00DC9705 /* Project object */;
}
